
Microsoft Visual Studio Solution File, Format Version 12.00
# Visual Studio Version 16
VisualStudioVersion = 16.0.29709.97
MinimumVisualStudioVersion = 10.0.40219.1
Project("{FAE04EC0-301F-11D3-BF4B-00C04F79EFBC}") = "CalculatorExceptionHandling", "CalculatorExceptionHandling\CalculatorExceptionHandling.csproj", "{4A0DE542-4B33-461E-9BC7-BAE99332970D}"
EndProject
Global
	GlobalSection(SolutionConfigurationPlatforms) = preSolution
		Debug|Any CPU = Debug|Any CPU
		Release|Any CPU = Release|Any CPU
	EndGlobalSection
	GlobalSection(ProjectConfigurationPlatforms) = postSolution
		{4A0DE542-4B33-461E-9BC7-BAE99332970D}.Debug|Any CPU.ActiveCfg = Debug|Any CPU
		{4A0DE542-4B33-461E-9BC7-BAE99332970D}.Debug|Any CPU.Build.0 = Debug|Any CPU
		{4A0DE542-4B33-461E-9BC7-BAE99332970D}.Release|Any CPU.ActiveCfg = Release|Any CPU
		{4A0DE542-4B33-461E-9BC7-BAE99332970D}.Release|Any CPU.Build.0 = Release|Any CPU
	EndGlobalSection
	GlobalSection(SolutionProperties) = preSolution
		HideSolutionNode = FALSE
	EndGlobalSection
	GlobalSection(ExtensibilityGlobals) = postSolution
		SolutionGuid = {4F0EF452-D9AD-4BC7-B1BB-E7C5F6A125B5}
	EndGlobalSection
EndGlobal
