
Microsoft Visual Studio Solution File, Format Version 12.00
# Visual Studio 15
VisualStudioVersion = 15.0.27004.2009
MinimumVisualStudioVersion = 10.0.40219.1
Project("{FAE04EC0-301F-11D3-BF4B-00C04F79EFBC}") = "Collections.Specialized", "Collections.Specialized\Collections.Specialized.csproj", "{8013861C-48C1-457E-94F4-0BCE412BF532}"
EndProject
Project("{FAE04EC0-301F-11D3-BF4B-00C04F79EFBC}") = "HybridDictionaryExample", "HybridDictionaryExample\HybridDictionaryExample.csproj", "{F34A51C8-5C0B-4B77-9E8D-F67066D8B1F7}"
EndProject
Project("{FAE04EC0-301F-11D3-BF4B-00C04F79EFBC}") = "ListDictionaryExample", "ListDictionaryExample\ListDictionaryExample.csproj", "{B8D00B1D-4D35-493E-BED0-0BD31FB80F56}"
EndProject
Project("{FAE04EC0-301F-11D3-BF4B-00C04F79EFBC}") = "StringDictionayExample", "StringDictionayExample\StringDictionayExample.csproj", "{6109666D-8C63-41B4-B29D-2004827213C7}"
EndProject
Project("{FAE04EC0-301F-11D3-BF4B-00C04F79EFBC}") = "StringCollectionExample", "StringCollectionExample\StringCollectionExample.csproj", "{B45052FD-5A9E-44AE-9686-F445A3A8C22A}"
EndProject
Project("{FAE04EC0-301F-11D3-BF4B-00C04F79EFBC}") = "OrderedDictionaryExample", "OrderedDictionaryExample\OrderedDictionaryExample.csproj", "{E652165D-A71B-4EED-AE9E-C20635AF2F38}"
EndProject
Project("{FAE04EC0-301F-11D3-BF4B-00C04F79EFBC}") = "NamedValueCollectionExample", "NamedValueCollectionExample\NamedValueCollectionExample.csproj", "{E7E8A6D0-8586-46C6-BEE3-6DDDCC71458F}"
EndProject
Global
	GlobalSection(SolutionConfigurationPlatforms) = preSolution
		Debug|Any CPU = Debug|Any CPU
		Release|Any CPU = Release|Any CPU
	EndGlobalSection
	GlobalSection(ProjectConfigurationPlatforms) = postSolution
		{8013861C-48C1-457E-94F4-0BCE412BF532}.Debug|Any CPU.ActiveCfg = Debug|Any CPU
		{8013861C-48C1-457E-94F4-0BCE412BF532}.Debug|Any CPU.Build.0 = Debug|Any CPU
		{8013861C-48C1-457E-94F4-0BCE412BF532}.Release|Any CPU.ActiveCfg = Release|Any CPU
		{8013861C-48C1-457E-94F4-0BCE412BF532}.Release|Any CPU.Build.0 = Release|Any CPU
		{F34A51C8-5C0B-4B77-9E8D-F67066D8B1F7}.Debug|Any CPU.ActiveCfg = Debug|Any CPU
		{F34A51C8-5C0B-4B77-9E8D-F67066D8B1F7}.Debug|Any CPU.Build.0 = Debug|Any CPU
		{F34A51C8-5C0B-4B77-9E8D-F67066D8B1F7}.Release|Any CPU.ActiveCfg = Release|Any CPU
		{F34A51C8-5C0B-4B77-9E8D-F67066D8B1F7}.Release|Any CPU.Build.0 = Release|Any CPU
		{B8D00B1D-4D35-493E-BED0-0BD31FB80F56}.Debug|Any CPU.ActiveCfg = Debug|Any CPU
		{B8D00B1D-4D35-493E-BED0-0BD31FB80F56}.Debug|Any CPU.Build.0 = Debug|Any CPU
		{B8D00B1D-4D35-493E-BED0-0BD31FB80F56}.Release|Any CPU.ActiveCfg = Release|Any CPU
		{B8D00B1D-4D35-493E-BED0-0BD31FB80F56}.Release|Any CPU.Build.0 = Release|Any CPU
		{6109666D-8C63-41B4-B29D-2004827213C7}.Debug|Any CPU.ActiveCfg = Debug|Any CPU
		{6109666D-8C63-41B4-B29D-2004827213C7}.Debug|Any CPU.Build.0 = Debug|Any CPU
		{6109666D-8C63-41B4-B29D-2004827213C7}.Release|Any CPU.ActiveCfg = Release|Any CPU
		{6109666D-8C63-41B4-B29D-2004827213C7}.Release|Any CPU.Build.0 = Release|Any CPU
		{B45052FD-5A9E-44AE-9686-F445A3A8C22A}.Debug|Any CPU.ActiveCfg = Debug|Any CPU
		{B45052FD-5A9E-44AE-9686-F445A3A8C22A}.Debug|Any CPU.Build.0 = Debug|Any CPU
		{B45052FD-5A9E-44AE-9686-F445A3A8C22A}.Release|Any CPU.ActiveCfg = Release|Any CPU
		{B45052FD-5A9E-44AE-9686-F445A3A8C22A}.Release|Any CPU.Build.0 = Release|Any CPU
		{E652165D-A71B-4EED-AE9E-C20635AF2F38}.Debug|Any CPU.ActiveCfg = Debug|Any CPU
		{E652165D-A71B-4EED-AE9E-C20635AF2F38}.Debug|Any CPU.Build.0 = Debug|Any CPU
		{E652165D-A71B-4EED-AE9E-C20635AF2F38}.Release|Any CPU.ActiveCfg = Release|Any CPU
		{E652165D-A71B-4EED-AE9E-C20635AF2F38}.Release|Any CPU.Build.0 = Release|Any CPU
		{E7E8A6D0-8586-46C6-BEE3-6DDDCC71458F}.Debug|Any CPU.ActiveCfg = Debug|Any CPU
		{E7E8A6D0-8586-46C6-BEE3-6DDDCC71458F}.Debug|Any CPU.Build.0 = Debug|Any CPU
		{E7E8A6D0-8586-46C6-BEE3-6DDDCC71458F}.Release|Any CPU.ActiveCfg = Release|Any CPU
		{E7E8A6D0-8586-46C6-BEE3-6DDDCC71458F}.Release|Any CPU.Build.0 = Release|Any CPU
	EndGlobalSection
	GlobalSection(SolutionProperties) = preSolution
		HideSolutionNode = FALSE
	EndGlobalSection
	GlobalSection(ExtensibilityGlobals) = postSolution
		SolutionGuid = {5E36C744-6D27-425F-B483-F9DE6C582D4C}
	EndGlobalSection
EndGlobal
