
Microsoft Visual Studio Solution File, Format Version 12.00
# Visual Studio 15
VisualStudioVersion = 15.0.27004.2009
MinimumVisualStudioVersion = 10.0.40219.1
Project("{FAE04EC0-301F-11D3-BF4B-00C04F79EFBC}") = "Collection.Concurrent", "Collection.Concurrent\Collection.Concurrent.csproj", "{465312F8-BE24-42E1-9724-9829C3D555C3}"
EndProject
Project("{FAE04EC0-301F-11D3-BF4B-00C04F79EFBC}") = "ConcurrentBagExample", "ConcurrentBagExample\ConcurrentBagExample.csproj", "{6A3C1D83-7ABF-4990-B9BD-1CB268EA296C}"
EndProject
Global
	GlobalSection(SolutionConfigurationPlatforms) = preSolution
		Debug|Any CPU = Debug|Any CPU
		Release|Any CPU = Release|Any CPU
	EndGlobalSection
	GlobalSection(ProjectConfigurationPlatforms) = postSolution
		{465312F8-BE24-42E1-9724-9829C3D555C3}.Debug|Any CPU.ActiveCfg = Debug|Any CPU
		{465312F8-BE24-42E1-9724-9829C3D555C3}.Debug|Any CPU.Build.0 = Debug|Any CPU
		{465312F8-BE24-42E1-9724-9829C3D555C3}.Release|Any CPU.ActiveCfg = Release|Any CPU
		{465312F8-BE24-42E1-9724-9829C3D555C3}.Release|Any CPU.Build.0 = Release|Any CPU
		{6A3C1D83-7ABF-4990-B9BD-1CB268EA296C}.Debug|Any CPU.ActiveCfg = Debug|Any CPU
		{6A3C1D83-7ABF-4990-B9BD-1CB268EA296C}.Debug|Any CPU.Build.0 = Debug|Any CPU
		{6A3C1D83-7ABF-4990-B9BD-1CB268EA296C}.Release|Any CPU.ActiveCfg = Release|Any CPU
		{6A3C1D83-7ABF-4990-B9BD-1CB268EA296C}.Release|Any CPU.Build.0 = Release|Any CPU
	EndGlobalSection
	GlobalSection(SolutionProperties) = preSolution
		HideSolutionNode = FALSE
	EndGlobalSection
	GlobalSection(ExtensibilityGlobals) = postSolution
		SolutionGuid = {1E84C1CA-23D0-40CD-A3FB-45F0420D5482}
	EndGlobalSection
EndGlobal
